
Microsoft Visual Studio Solution File, Format Version 12.00
# Visual Studio 15
Project("{FAE04EC0-301F-11D3-BF4B-00C04F79EFBC}") = "InAppUpdates", "InAppUpdates\InAppUpdates.csproj", "{65ED3DEB-7987-4F8F-A1BB-6B10C6DD37F2}"
EndProject
Global
	GlobalSection(SolutionConfigurationPlatforms) = preSolution
		Debug|iPhoneSimulator = Debug|iPhoneSimulator
		Release|iPhoneSimulator = Release|iPhoneSimulator
		Debug|iPhone = Debug|iPhone
		Release|iPhone = Release|iPhone
	EndGlobalSection
	GlobalSection(ProjectConfigurationPlatforms) = postSolution
		{65ED3DEB-7987-4F8F-A1BB-6B10C6DD37F2}.Debug|iPhoneSimulator.ActiveCfg = Debug|iPhoneSimulator
		{65ED3DEB-7987-4F8F-A1BB-6B10C6DD37F2}.Debug|iPhoneSimulator.Build.0 = Debug|iPhoneSimulator
		{65ED3DEB-7987-4F8F-A1BB-6B10C6DD37F2}.Release|iPhoneSimulator.ActiveCfg = Release|iPhoneSimulator
		{65ED3DEB-7987-4F8F-A1BB-6B10C6DD37F2}.Release|iPhoneSimulator.Build.0 = Release|iPhoneSimulator
		{65ED3DEB-7987-4F8F-A1BB-6B10C6DD37F2}.Debug|iPhone.ActiveCfg = Debug|iPhone
		{65ED3DEB-7987-4F8F-A1BB-6B10C6DD37F2}.Debug|iPhone.Build.0 = Debug|iPhone
		{65ED3DEB-7987-4F8F-A1BB-6B10C6DD37F2}.Release|iPhone.ActiveCfg = Release|iPhone
		{65ED3DEB-7987-4F8F-A1BB-6B10C6DD37F2}.Release|iPhone.Build.0 = Release|iPhone
	EndGlobalSection
EndGlobal
